<Solution>
    <Folder Name="/Demo/">
        <Project Path="Demo/Demo.Base/Demo.Base.csproj" />
        <Project Path="Demo/Demo.DM/Demo.DM.csproj" />
        <Project Path="Demo/Demo.MSSQLServer/Demo.MSSQLServer.csproj" />
        <Project Path="Demo/Demo.MySQL.Pomelo/Demo.MySQL.Pomelo.csproj" />
        <Project Path="Demo/Demo.Oracle/Demo.Oracle.csproj" />
        <Project Path="Demo/Demo.PostgreSQL.Npgsql/Demo.PostgreSQL.Npgsql.csproj" />
    </Folder>
    <Folder Name="/Tests/">
        <Project Path="Tests/Zack.EFCore.BatchInsert.IntegrationTests.Shared/Zack.EFCore.BatchInsert.IntegrationTests.Shared.csproj" />
        <Project Path="Tests/Zack.EFCore.BatchInsert.IntegrationTests.SqlServer/Zack.EFCore.BatchInsert.IntegrationTests.SqlServer.csproj" />
        <File Path="Tests/DOTNET_VERSION_SUPPORT_DECISION.md" />
        <File Path="Tests/ORACLE_CONNECTION_ISSUE.md" />
        <Project Path="Tests/Zack.EFCore.BatchInsert.IntegrationTests.MySQL/Zack.EFCore.BatchInsert.IntegrationTests.MySQL.csproj" />
        <Project Path="Tests/Zack.EFCore.BatchInsert.IntegrationTests.Npgsql/Zack.EFCore.BatchInsert.IntegrationTests.Npgsql.csproj" />
        <Project Path="Tests/Zack.EFCore.BatchInsert.IntegrationTests.Oracle/Zack.EFCore.BatchInsert.IntegrationTests.Oracle.csproj" />
        <Project Path="Tests/Zack.EFCore.BatchInsert.Tests/Zack.EFCore.BatchInsert.Tests.csproj" />
    </Folder>
    <Project Path="Zack.EFCore.BatchInsert.MSSQL/Zack.EFCore.BatchInsert.MSSQL.csproj" />
    <Project Path="Zack.EFCore.BatchInsert.MySQL.Pomelo/Zack.EFCore.BatchInsert.MySQL.Pomelo.csproj" />
    <Project Path="Zack.EFCore.BatchInsert.Npgsql/Zack.EFCore.BatchInsert.Npgsql.csproj" />
    <Project Path="Zack.EFCore.BatchInsert.Oracle/Zack.EFCore.BatchInsert.Oracle.csproj" />
    <Project Path="Zack.EFCore.BatchInsert/Zack.EFCore.BatchInsert.csproj" />
    <Project Path="ZackEFCore.BatchInsert.Dm/ZackEFCore.BatchInsert.Dm.csproj" />
</Solution>
