
Microsoft Visual Studio Solution File, Format Version 12.00
# Visual Studio Version 17
VisualStudioVersion = 17.0.32112.339
MinimumVisualStudioVersion = 10.0.40219.1
Project("{9A19103F-16F7-4668-BE54-9A1E7A4F7556}") = "Zack.EFCore.Batch", "Zack.EFCore.Batch\Zack.EFCore.Batch.csproj", "{0B4A4CCC-59F5-4B71-8BBC-12D0F3BA3569}"
EndProject
Project("{9A19103F-16F7-4668-BE54-9A1E7A4F7556}") = "Demo.MySQL.Pomelo", "Demo.MySQL.Pomelo\Demo.MySQL.Pomelo.csproj", "{116C8229-621F-4CC7-97E5-8CE250A2EE42}"
EndProject
Project("{9A19103F-16F7-4668-BE54-9A1E7A4F7556}") = "Demo.PostgreSQL.Npgsql", "Demo.PostgreSQL.Npgsql\Demo.PostgreSQL.Npgsql.csproj", "{F29D3347-AF1B-4781-9682-65225DC4D7ED}"
EndProject
Project("{9A19103F-16F7-4668-BE54-9A1E7A4F7556}") = "Demo.MSSQLServer", "Demo.MSSQLServer\Demo.MSSQLServer.csproj", "{2CC6BEEC-7930-4D95-A542-F05FCEDF47D7}"
EndProject
Project("{9A19103F-16F7-4668-BE54-9A1E7A4F7556}") = "Zack.EFCore.Batch.Npgsql", "Zack.EFCore.Batch.Npgsql\Zack.EFCore.Batch.Npgsql.csproj", "{80F68CBB-E112-4C24-9C7B-4785CB5A9BB2}"
EndProject
Project("{9A19103F-16F7-4668-BE54-9A1E7A4F7556}") = "Zack.EFCore.Batch.MSSQL", "Zack.EFCore.Batch.MSSQL\Zack.EFCore.Batch.MSSQL.csproj", "{556232CE-906F-4D14-A017-23D0698BACCC}"
EndProject
Project("{9A19103F-16F7-4668-BE54-9A1E7A4F7556}") = "Zack.EFCore.Batch.MySQL.Pomelo", "Zack.EFCore.Batch.MySQL.Pomelo\Zack.EFCore.Batch.MySQL.Pomelo.csproj", "{BC6BD6C1-42F1-4DB0-9E20-36CDC3C27B75}"
EndProject
Project("{9A19103F-16F7-4668-BE54-9A1E7A4F7556}") = "Zack.EFCore.Batch.Sqlite", "Zack.EFCore.Batch.Sqlite\Zack.EFCore.Batch.Sqlite.csproj", "{CB0B511D-3A9B-4688-AB47-F5E3C87D994B}"
EndProject
Project("{9A19103F-16F7-4668-BE54-9A1E7A4F7556}") = "Demo.Sqlite", "Demo.Sqlite\Demo.Sqlite.csproj", "{6FC012DF-3E00-4B0D-8D8C-6835D81E19B5}"
EndProject
Project("{9A19103F-16F7-4668-BE54-9A1E7A4F7556}") = "Zack.EFCore.Batch.Oracle", "Zack.EFCore.Batch.Oracle\Zack.EFCore.Batch.Oracle.csproj", "{10171BAE-F5AA-4AD6-89E4-B224D8BD356E}"
EndProject
Project("{9A19103F-16F7-4668-BE54-9A1E7A4F7556}") = "Demo.Oracle", "Demo.Oracle\Demo.Oracle.csproj", "{825F0F76-BD61-43E6-8627-B5130FA5F74A}"
EndProject
Project("{9A19103F-16F7-4668-BE54-9A1E7A4F7556}") = "Demo.Base", "Demo.Base\Demo.Base.csproj", "{B069F9C7-EF5A-4DF9-B2FA-8711627696B4}"
EndProject
Project("{FAE04EC0-301F-11D3-BF4B-00C04F79EFBC}") = "ZackEFCore.Batch.Dm", "ZackEFCore.Batch.Dm\ZackEFCore.Batch.Dm.csproj", "{FB63C54F-7C6D-4186-B28C-C998DBB24D00}"
EndProject
Project("{FAE04EC0-301F-11D3-BF4B-00C04F79EFBC}") = "Demo.DM", "Demo.DM\Demo.DM.csproj", "{98BEB2DE-0BE7-4CFF-AA7A-0AF366F28B6C}"
EndProject
Global
	GlobalSection(SolutionConfigurationPlatforms) = preSolution
		Debug|Any CPU = Debug|Any CPU
		Debug|x86 = Debug|x86
		Release|Any CPU = Release|Any CPU
		Release|x86 = Release|x86
	EndGlobalSection
	GlobalSection(ProjectConfigurationPlatforms) = postSolution
		{0B4A4CCC-59F5-4B71-8BBC-12D0F3BA3569}.Debug|Any CPU.ActiveCfg = Debug|Any CPU
		{0B4A4CCC-59F5-4B71-8BBC-12D0F3BA3569}.Debug|Any CPU.Build.0 = Debug|Any CPU
		{0B4A4CCC-59F5-4B71-8BBC-12D0F3BA3569}.Debug|x86.ActiveCfg = Debug|Any CPU
		{0B4A4CCC-59F5-4B71-8BBC-12D0F3BA3569}.Debug|x86.Build.0 = Debug|Any CPU
		{0B4A4CCC-59F5-4B71-8BBC-12D0F3BA3569}.Release|Any CPU.ActiveCfg = Release|Any CPU
		{0B4A4CCC-59F5-4B71-8BBC-12D0F3BA3569}.Release|Any CPU.Build.0 = Release|Any CPU
		{0B4A4CCC-59F5-4B71-8BBC-12D0F3BA3569}.Release|x86.ActiveCfg = Release|Any CPU
		{0B4A4CCC-59F5-4B71-8BBC-12D0F3BA3569}.Release|x86.Build.0 = Release|Any CPU
		{116C8229-621F-4CC7-97E5-8CE250A2EE42}.Debug|Any CPU.ActiveCfg = Debug|Any CPU
		{116C8229-621F-4CC7-97E5-8CE250A2EE42}.Debug|Any CPU.Build.0 = Debug|Any CPU
		{116C8229-621F-4CC7-97E5-8CE250A2EE42}.Debug|x86.ActiveCfg = Debug|Any CPU
		{116C8229-621F-4CC7-97E5-8CE250A2EE42}.Debug|x86.Build.0 = Debug|Any CPU
		{116C8229-621F-4CC7-97E5-8CE250A2EE42}.Release|Any CPU.ActiveCfg = Release|Any CPU
		{116C8229-621F-4CC7-97E5-8CE250A2EE42}.Release|Any CPU.Build.0 = Release|Any CPU
		{116C8229-621F-4CC7-97E5-8CE250A2EE42}.Release|x86.ActiveCfg = Release|Any CPU
		{116C8229-621F-4CC7-97E5-8CE250A2EE42}.Release|x86.Build.0 = Release|Any CPU
		{F29D3347-AF1B-4781-9682-65225DC4D7ED}.Debug|Any CPU.ActiveCfg = Debug|Any CPU
		{F29D3347-AF1B-4781-9682-65225DC4D7ED}.Debug|Any CPU.Build.0 = Debug|Any CPU
		{F29D3347-AF1B-4781-9682-65225DC4D7ED}.Debug|x86.ActiveCfg = Debug|Any CPU
		{F29D3347-AF1B-4781-9682-65225DC4D7ED}.Debug|x86.Build.0 = Debug|Any CPU
		{F29D3347-AF1B-4781-9682-65225DC4D7ED}.Release|Any CPU.ActiveCfg = Release|Any CPU
		{F29D3347-AF1B-4781-9682-65225DC4D7ED}.Release|Any CPU.Build.0 = Release|Any CPU
		{F29D3347-AF1B-4781-9682-65225DC4D7ED}.Release|x86.ActiveCfg = Release|Any CPU
		{F29D3347-AF1B-4781-9682-65225DC4D7ED}.Release|x86.Build.0 = Release|Any CPU
		{2CC6BEEC-7930-4D95-A542-F05FCEDF47D7}.Debug|Any CPU.ActiveCfg = Debug|Any CPU
		{2CC6BEEC-7930-4D95-A542-F05FCEDF47D7}.Debug|Any CPU.Build.0 = Debug|Any CPU
		{2CC6BEEC-7930-4D95-A542-F05FCEDF47D7}.Debug|x86.ActiveCfg = Debug|Any CPU
		{2CC6BEEC-7930-4D95-A542-F05FCEDF47D7}.Debug|x86.Build.0 = Debug|Any CPU
		{2CC6BEEC-7930-4D95-A542-F05FCEDF47D7}.Release|Any CPU.ActiveCfg = Release|Any CPU
		{2CC6BEEC-7930-4D95-A542-F05FCEDF47D7}.Release|Any CPU.Build.0 = Release|Any CPU
		{2CC6BEEC-7930-4D95-A542-F05FCEDF47D7}.Release|x86.ActiveCfg = Release|Any CPU
		{2CC6BEEC-7930-4D95-A542-F05FCEDF47D7}.Release|x86.Build.0 = Release|Any CPU
		{80F68CBB-E112-4C24-9C7B-4785CB5A9BB2}.Debug|Any CPU.ActiveCfg = Debug|Any CPU
		{80F68CBB-E112-4C24-9C7B-4785CB5A9BB2}.Debug|Any CPU.Build.0 = Debug|Any CPU
		{80F68CBB-E112-4C24-9C7B-4785CB5A9BB2}.Debug|x86.ActiveCfg = Debug|Any CPU
		{80F68CBB-E112-4C24-9C7B-4785CB5A9BB2}.Debug|x86.Build.0 = Debug|Any CPU
		{80F68CBB-E112-4C24-9C7B-4785CB5A9BB2}.Release|Any CPU.ActiveCfg = Release|Any CPU
		{80F68CBB-E112-4C24-9C7B-4785CB5A9BB2}.Release|Any CPU.Build.0 = Release|Any CPU
		{80F68CBB-E112-4C24-9C7B-4785CB5A9BB2}.Release|x86.ActiveCfg = Release|Any CPU
		{80F68CBB-E112-4C24-9C7B-4785CB5A9BB2}.Release|x86.Build.0 = Release|Any CPU
		{556232CE-906F-4D14-A017-23D0698BACCC}.Debug|Any CPU.ActiveCfg = Debug|Any CPU
		{556232CE-906F-4D14-A017-23D0698BACCC}.Debug|Any CPU.Build.0 = Debug|Any CPU
		{556232CE-906F-4D14-A017-23D0698BACCC}.Debug|x86.ActiveCfg = Debug|Any CPU
		{556232CE-906F-4D14-A017-23D0698BACCC}.Debug|x86.Build.0 = Debug|Any CPU
		{556232CE-906F-4D14-A017-23D0698BACCC}.Release|Any CPU.ActiveCfg = Release|Any CPU
		{556232CE-906F-4D14-A017-23D0698BACCC}.Release|Any CPU.Build.0 = Release|Any CPU
		{556232CE-906F-4D14-A017-23D0698BACCC}.Release|x86.ActiveCfg = Release|Any CPU
		{556232CE-906F-4D14-A017-23D0698BACCC}.Release|x86.Build.0 = Release|Any CPU
		{BC6BD6C1-42F1-4DB0-9E20-36CDC3C27B75}.Debug|Any CPU.ActiveCfg = Debug|Any CPU
		{BC6BD6C1-42F1-4DB0-9E20-36CDC3C27B75}.Debug|Any CPU.Build.0 = Debug|Any CPU
		{BC6BD6C1-42F1-4DB0-9E20-36CDC3C27B75}.Debug|x86.ActiveCfg = Debug|Any CPU
		{BC6BD6C1-42F1-4DB0-9E20-36CDC3C27B75}.Debug|x86.Build.0 = Debug|Any CPU
		{BC6BD6C1-42F1-4DB0-9E20-36CDC3C27B75}.Release|Any CPU.ActiveCfg = Release|Any CPU
		{BC6BD6C1-42F1-4DB0-9E20-36CDC3C27B75}.Release|Any CPU.Build.0 = Release|Any CPU
		{BC6BD6C1-42F1-4DB0-9E20-36CDC3C27B75}.Release|x86.ActiveCfg = Release|Any CPU
		{BC6BD6C1-42F1-4DB0-9E20-36CDC3C27B75}.Release|x86.Build.0 = Release|Any CPU
		{CB0B511D-3A9B-4688-AB47-F5E3C87D994B}.Debug|Any CPU.ActiveCfg = Debug|Any CPU
		{CB0B511D-3A9B-4688-AB47-F5E3C87D994B}.Debug|Any CPU.Build.0 = Debug|Any CPU
		{CB0B511D-3A9B-4688-AB47-F5E3C87D994B}.Debug|x86.ActiveCfg = Debug|Any CPU
		{CB0B511D-3A9B-4688-AB47-F5E3C87D994B}.Debug|x86.Build.0 = Debug|Any CPU
		{CB0B511D-3A9B-4688-AB47-F5E3C87D994B}.Release|Any CPU.ActiveCfg = Release|Any CPU
		{CB0B511D-3A9B-4688-AB47-F5E3C87D994B}.Release|Any CPU.Build.0 = Release|Any CPU
		{CB0B511D-3A9B-4688-AB47-F5E3C87D994B}.Release|x86.ActiveCfg = Release|Any CPU
		{CB0B511D-3A9B-4688-AB47-F5E3C87D994B}.Release|x86.Build.0 = Release|Any CPU
		{6FC012DF-3E00-4B0D-8D8C-6835D81E19B5}.Debug|Any CPU.ActiveCfg = Debug|Any CPU
		{6FC012DF-3E00-4B0D-8D8C-6835D81E19B5}.Debug|Any CPU.Build.0 = Debug|Any CPU
		{6FC012DF-3E00-4B0D-8D8C-6835D81E19B5}.Debug|x86.ActiveCfg = Debug|Any CPU
		{6FC012DF-3E00-4B0D-8D8C-6835D81E19B5}.Debug|x86.Build.0 = Debug|Any CPU
		{6FC012DF-3E00-4B0D-8D8C-6835D81E19B5}.Release|Any CPU.ActiveCfg = Release|Any CPU
		{6FC012DF-3E00-4B0D-8D8C-6835D81E19B5}.Release|Any CPU.Build.0 = Release|Any CPU
		{6FC012DF-3E00-4B0D-8D8C-6835D81E19B5}.Release|x86.ActiveCfg = Release|Any CPU
		{6FC012DF-3E00-4B0D-8D8C-6835D81E19B5}.Release|x86.Build.0 = Release|Any CPU
		{10171BAE-F5AA-4AD6-89E4-B224D8BD356E}.Debug|Any CPU.ActiveCfg = Debug|Any CPU
		{10171BAE-F5AA-4AD6-89E4-B224D8BD356E}.Debug|Any CPU.Build.0 = Debug|Any CPU
		{10171BAE-F5AA-4AD6-89E4-B224D8BD356E}.Debug|x86.ActiveCfg = Debug|Any CPU
		{10171BAE-F5AA-4AD6-89E4-B224D8BD356E}.Debug|x86.Build.0 = Debug|Any CPU
		{10171BAE-F5AA-4AD6-89E4-B224D8BD356E}.Release|Any CPU.ActiveCfg = Release|Any CPU
		{10171BAE-F5AA-4AD6-89E4-B224D8BD356E}.Release|Any CPU.Build.0 = Release|Any CPU
		{10171BAE-F5AA-4AD6-89E4-B224D8BD356E}.Release|x86.ActiveCfg = Release|Any CPU
		{10171BAE-F5AA-4AD6-89E4-B224D8BD356E}.Release|x86.Build.0 = Release|Any CPU
		{825F0F76-BD61-43E6-8627-B5130FA5F74A}.Debug|Any CPU.ActiveCfg = Debug|Any CPU
		{825F0F76-BD61-43E6-8627-B5130FA5F74A}.Debug|Any CPU.Build.0 = Debug|Any CPU
		{825F0F76-BD61-43E6-8627-B5130FA5F74A}.Debug|x86.ActiveCfg = Debug|Any CPU
		{825F0F76-BD61-43E6-8627-B5130FA5F74A}.Debug|x86.Build.0 = Debug|Any CPU
		{825F0F76-BD61-43E6-8627-B5130FA5F74A}.Release|Any CPU.ActiveCfg = Release|Any CPU
		{825F0F76-BD61-43E6-8627-B5130FA5F74A}.Release|Any CPU.Build.0 = Release|Any CPU
		{825F0F76-BD61-43E6-8627-B5130FA5F74A}.Release|x86.ActiveCfg = Release|Any CPU
		{825F0F76-BD61-43E6-8627-B5130FA5F74A}.Release|x86.Build.0 = Release|Any CPU
		{B069F9C7-EF5A-4DF9-B2FA-8711627696B4}.Debug|Any CPU.ActiveCfg = Debug|Any CPU
		{B069F9C7-EF5A-4DF9-B2FA-8711627696B4}.Debug|Any CPU.Build.0 = Debug|Any CPU
		{B069F9C7-EF5A-4DF9-B2FA-8711627696B4}.Debug|x86.ActiveCfg = Debug|Any CPU
		{B069F9C7-EF5A-4DF9-B2FA-8711627696B4}.Debug|x86.Build.0 = Debug|Any CPU
		{B069F9C7-EF5A-4DF9-B2FA-8711627696B4}.Release|Any CPU.ActiveCfg = Release|Any CPU
		{B069F9C7-EF5A-4DF9-B2FA-8711627696B4}.Release|Any CPU.Build.0 = Release|Any CPU
		{B069F9C7-EF5A-4DF9-B2FA-8711627696B4}.Release|x86.ActiveCfg = Release|Any CPU
		{B069F9C7-EF5A-4DF9-B2FA-8711627696B4}.Release|x86.Build.0 = Release|Any CPU
		{FB63C54F-7C6D-4186-B28C-C998DBB24D00}.Debug|Any CPU.ActiveCfg = Debug|Any CPU
		{FB63C54F-7C6D-4186-B28C-C998DBB24D00}.Debug|Any CPU.Build.0 = Debug|Any CPU
		{FB63C54F-7C6D-4186-B28C-C998DBB24D00}.Debug|x86.ActiveCfg = Debug|Any CPU
		{FB63C54F-7C6D-4186-B28C-C998DBB24D00}.Debug|x86.Build.0 = Debug|Any CPU
		{FB63C54F-7C6D-4186-B28C-C998DBB24D00}.Release|Any CPU.ActiveCfg = Release|Any CPU
		{FB63C54F-7C6D-4186-B28C-C998DBB24D00}.Release|Any CPU.Build.0 = Release|Any CPU
		{FB63C54F-7C6D-4186-B28C-C998DBB24D00}.Release|x86.ActiveCfg = Release|Any CPU
		{FB63C54F-7C6D-4186-B28C-C998DBB24D00}.Release|x86.Build.0 = Release|Any CPU
		{98BEB2DE-0BE7-4CFF-AA7A-0AF366F28B6C}.Debug|Any CPU.ActiveCfg = Debug|Any CPU
		{98BEB2DE-0BE7-4CFF-AA7A-0AF366F28B6C}.Debug|Any CPU.Build.0 = Debug|Any CPU
		{98BEB2DE-0BE7-4CFF-AA7A-0AF366F28B6C}.Debug|x86.ActiveCfg = Debug|x86
		{98BEB2DE-0BE7-4CFF-AA7A-0AF366F28B6C}.Debug|x86.Build.0 = Debug|x86
		{98BEB2DE-0BE7-4CFF-AA7A-0AF366F28B6C}.Release|Any CPU.ActiveCfg = Release|Any CPU
		{98BEB2DE-0BE7-4CFF-AA7A-0AF366F28B6C}.Release|Any CPU.Build.0 = Release|Any CPU
		{98BEB2DE-0BE7-4CFF-AA7A-0AF366F28B6C}.Release|x86.ActiveCfg = Release|x86
		{98BEB2DE-0BE7-4CFF-AA7A-0AF366F28B6C}.Release|x86.Build.0 = Release|x86
	EndGlobalSection
	GlobalSection(SolutionProperties) = preSolution
		HideSolutionNode = FALSE
	EndGlobalSection
	GlobalSection(ExtensibilityGlobals) = postSolution
		SolutionGuid = {C7528F3A-EC4D-4895-B216-92873E362379}
	EndGlobalSection
EndGlobal
