<Solution>
    <Folder Name="/Demo/">
        <Project Path="Demo/Demo.Base/Demo.Base.csproj" />
        <Project Path="Demo/Demo.DM/Demo.DM.csproj" />
        <Project Path="Demo/Demo.MSSQLServer/Demo.MSSQLServer.csproj" />
        <Project Path="Demo/Demo.MySQL.Pomelo/Demo.MySQL.Pomelo.csproj" />
        <Project Path="Demo/Demo.Oracle/Demo.Oracle.csproj" />
        <Project Path="Demo/Demo.PostgreSQL.Npgsql/Demo.PostgreSQL.Npgsql.csproj" />
    </Folder>
    <Folder Name="/Tests/">
        <Project Path="Tests/Zack.EFCore.Batch.IntegrationTests.Shared/Zack.EFCore.Batch.IntegrationTests.Shared.csproj" />
        <Project Path="Tests/Zack.EFCore.Batch.IntegrationTests.SqlServer/Zack.EFCore.Batch.IntegrationTests.SqlServer.csproj" />
        <File Path="Tests/DOTNET_VERSION_SUPPORT_DECISION.md" />
        <Project Path="Tests/Zack.EFCore.Batch.IntegrationTests.MySQL/Zack.EFCore.Batch.IntegrationTests.MySQL.csproj" />
        <Project Path="Tests/Zack.EFCore.Batch.IntegrationTests.Npgsql/Zack.EFCore.Batch.IntegrationTests.Npgsql.csproj" />
        <Project Path="Tests/Zack.EFCore.Batch.IntegrationTests.Oracle/Zack.EFCore.Batch.IntegrationTests.Oracle.csproj" />
        <Project Path="Tests/Zack.EFCore.Batch.Tests/Zack.EFCore.Batch.Tests.csproj" />
    </Folder>
    <Project Path="Zack.EFCore.Batch.MSSQL/Zack.EFCore.Batch.MSSQL.csproj" />
    <Project Path="Zack.EFCore.Batch.MySQL.Pomelo/Zack.EFCore.Batch.MySQL.Pomelo.csproj" />
    <Project Path="Zack.EFCore.Batch.Npgsql/Zack.EFCore.Batch.Npgsql.csproj" />
    <Project Path="Zack.EFCore.Batch.Oracle/Zack.EFCore.Batch.Oracle.csproj" />
    <Project Path="Zack.EFCore.Batch/Zack.EFCore.Batch.csproj" />
    <Project Path="ZackEFCore.Batch.Dm/ZackEFCore.Batch.Dm.csproj" />
</Solution>
